
Microsoft Visual Studio Solution File, Format Version 12.00
# Visual Studio 15
VisualStudioVersion = 15.0.28307.168
MinimumVisualStudioVersion = 10.0.40219.1
Project("{D954291E-2A0B-460D-934E-DC6B0785DB48}") = "RawControllerWrapperSample.SharedProject", "RawControllerWrapperSample.SharedProject\RawControllerWrapperSample.SharedProject.shproj", "{7DB8031A-C27B-4898-9146-6C1DB5C7FE78}"
EndProject
Project("{FAE04EC0-301F-11D3-BF4B-00C04F79EFBC}") = "RawControllerWrapperSample.WindowsDX", "RawControllerWrapperSample.WindowsDX\RawControllerWrapperSample.WindowsDX.csproj", "{0ABD0F5F-2351-4F2B-952C-26FDA0A1028D}"
EndProject
Global
	GlobalSection(SharedMSBuildProjectFiles) = preSolution
		RawControllerWrapperSample.SharedProject\RawControllerWrapperSample.SharedProject.projitems*{0abd0f5f-2351-4f2b-952c-26fda0a1028d}*SharedItemsImports = 4
		RawControllerWrapperSample.SharedProject\RawControllerWrapperSample.SharedProject.projitems*{7db8031a-c27b-4898-9146-6c1db5c7fe78}*SharedItemsImports = 13
	EndGlobalSection
	GlobalSection(SolutionConfigurationPlatforms) = preSolution
		Debug|Any CPU = Debug|Any CPU
		Debug|x86 = Debug|x86
		Release|Any CPU = Release|Any CPU
		Release|x86 = Release|x86
	EndGlobalSection
	GlobalSection(ProjectConfigurationPlatforms) = postSolution
		{0ABD0F5F-2351-4F2B-952C-26FDA0A1028D}.Debug|Any CPU.ActiveCfg = Debug|Any CPU
		{0ABD0F5F-2351-4F2B-952C-26FDA0A1028D}.Debug|Any CPU.Build.0 = Debug|Any CPU
		{0ABD0F5F-2351-4F2B-952C-26FDA0A1028D}.Debug|x86.ActiveCfg = Debug|x86
		{0ABD0F5F-2351-4F2B-952C-26FDA0A1028D}.Debug|x86.Build.0 = Debug|x86
		{0ABD0F5F-2351-4F2B-952C-26FDA0A1028D}.Release|Any CPU.ActiveCfg = Release|x86
		{0ABD0F5F-2351-4F2B-952C-26FDA0A1028D}.Release|x86.ActiveCfg = Release|x86
		{0ABD0F5F-2351-4F2B-952C-26FDA0A1028D}.Release|x86.Build.0 = Release|x86
	EndGlobalSection
	GlobalSection(SolutionProperties) = preSolution
		HideSolutionNode = FALSE
	EndGlobalSection
	GlobalSection(ExtensibilityGlobals) = postSolution
		SolutionGuid = {9C1AC722-3D0D-4800-8B4B-8B6C1BCAAA31}
	EndGlobalSection
EndGlobal
